// !$*UTF8*$!
{
	archiveVersion = 1;
	classes = {
	};
	objectVersion = 56;
	objects = {

/* Begin PBXBuildFile section */
		02CCDB4C295D29D400A3424F /* ScrumdingerApp.swift in Sources */ = {isa = PBXBuildFile; fileRef = 02CCDB4B295D29D400A3424F /* ScrumdingerApp.swift */; };
		02CCDB4E295D29D400A3424F /* MeetingView.swift in Sources */ = {isa = PBXBuildFile; fileRef = 02CCDB4D295D29D400A3424F /* MeetingView.swift */; };
		02CCDB50295D29D600A3424F /* Assets.xcassets in Resources */ = {isa = PBXBuildFile; fileRef = 02CCDB4F295D29D600A3424F /* Assets.xcassets */; };
		02CCDB53295D29D600A3424F /* Preview Assets.xcassets in Resources */ = {isa = PBXBuildFile; fileRef = 02CCDB52295D29D600A3424F /* Preview Assets.xcassets */; };
		02CCDB5E295D29D600A3424F /* ScrumdingerTests.swift in Sources */ = {isa = PBXBuildFile; fileRef = 02CCDB5D295D29D600A3424F /* ScrumdingerTests.swift */; };
		02CCDB68295D29D600A3424F /* ScrumdingerUITests.swift in Sources */ = {isa = PBXBuildFile; fileRef = 02CCDB67295D29D600A3424F /* ScrumdingerUITests.swift */; };
		02CCDB6A295D29D600A3424F /* ScrumdingerUITestsLaunchTests.swift in Sources */ = {isa = PBXBuildFile; fileRef = 02CCDB69295D29D600A3424F /* ScrumdingerUITestsLaunchTests.swift */; };
		02CCDB78295D31A300A3424F /* Theme.swift in Sources */ = {isa = PBXBuildFile; fileRef = 02CCDB77295D31A300A3424F /* Theme.swift */; };
		02CCDB7A295D34F000A3424F /* DailyScrum.swift in Sources */ = {isa = PBXBuildFile; fileRef = 02CCDB79295D34F000A3424F /* DailyScrum.swift */; };
		02CCDB7C295D366E00A3424F /* CardView.swift in Sources */ = {isa = PBXBuildFile; fileRef = 02CCDB7B295D366E00A3424F /* CardView.swift */; };
		02CCDB7E295D43F000A3424F /* TrailingIconLabelStyle.swift in Sources */ = {isa = PBXBuildFile; fileRef = 02CCDB7D295D43F000A3424F /* TrailingIconLabelStyle.swift */; };
		02CCDB80295D45BD00A3424F /* ScrumsView.swift in Sources */ = {isa = PBXBuildFile; fileRef = 02CCDB7F295D45BD00A3424F /* ScrumsView.swift */; };
		02CCDB84295D4BD500A3424F /* Assets.xcassets in Resources */ = {isa = PBXBuildFile; fileRef = 02CCDB83295D4BD500A3424F /* Assets.xcassets */; };
		02CCDB86295D4D2500A3424F /* DetailView.swift in Sources */ = {isa = PBXBuildFile; fileRef = 02CCDB85295D4D2500A3424F /* DetailView.swift */; };
		02CCDB88295D561A00A3424F /* DetailEditView.swift in Sources */ = {isa = PBXBuildFile; fileRef = 02CCDB87295D561A00A3424F /* DetailEditView.swift */; };
/* End PBXBuildFile section */

/* Begin PBXContainerItemProxy section */
		02CCDB5A295D29D600A3424F /* PBXContainerItemProxy */ = {
			isa = PBXContainerItemProxy;
			containerPortal = 02CCDB40295D29D400A3424F /* Project object */;
			proxyType = 1;
			remoteGlobalIDString = 02CCDB47295D29D400A3424F;
			remoteInfo = Scrumdinger;
		};
		02CCDB64295D29D600A3424F /* PBXContainerItemProxy */ = {
			isa = PBXContainerItemProxy;
			containerPortal = 02CCDB40295D29D400A3424F /* Project object */;
			proxyType = 1;
			remoteGlobalIDString = 02CCDB47295D29D400A3424F;
			remoteInfo = Scrumdinger;
		};
/* End PBXContainerItemProxy section */

/* Begin PBXFileReference section */
		02CCDB48295D29D400A3424F /* Scrumdinger.app */ = {isa = PBXFileReference; explicitFileType = wrapper.application; includeInIndex = 0; path = Scrumdinger.app; sourceTree = BUILT_PRODUCTS_DIR; };
		02CCDB4B295D29D400A3424F /* ScrumdingerApp.swift */ = {isa = PBXFileReference; lastKnownFileType = sourcecode.swift; path = ScrumdingerApp.swift; sourceTree = "<group>"; };
		02CCDB4D295D29D400A3424F /* MeetingView.swift */ = {isa = PBXFileReference; lastKnownFileType = sourcecode.swift; path = MeetingView.swift; sourceTree = "<group>"; };
		02CCDB4F295D29D600A3424F /* Assets.xcassets */ = {isa = PBXFileReference; lastKnownFileType = folder.assetcatalog; path = Assets.xcassets; sourceTree = "<group>"; };
		02CCDB52295D29D600A3424F /* Preview Assets.xcassets */ = {isa = PBXFileReference; lastKnownFileType = folder.assetcatalog; path = "Preview Assets.xcassets"; sourceTree = "<group>"; };
		02CCDB54295D29D600A3424F /* Scrumdinger.entitlements */ = {isa = PBXFileReference; lastKnownFileType = text.plist.entitlements; path = Scrumdinger.entitlements; sourceTree = "<group>"; };
		02CCDB59295D29D600A3424F /* ScrumdingerTests.xctest */ = {isa = PBXFileReference; explicitFileType = wrapper.cfbundle; includeInIndex = 0; path = ScrumdingerTests.xctest; sourceTree = BUILT_PRODUCTS_DIR; };
		02CCDB5D295D29D600A3424F /* ScrumdingerTests.swift */ = {isa = PBXFileReference; lastKnownFileType = sourcecode.swift; path = ScrumdingerTests.swift; sourceTree = "<group>"; };
		02CCDB63295D29D600A3424F /* ScrumdingerUITests.xctest */ = {isa = PBXFileReference; explicitFileType = wrapper.cfbundle; includeInIndex = 0; path = ScrumdingerUITests.xctest; sourceTree = BUILT_PRODUCTS_DIR; };
		02CCDB67295D29D600A3424F /* ScrumdingerUITests.swift */ = {isa = PBXFileReference; lastKnownFileType = sourcecode.swift; path = ScrumdingerUITests.swift; sourceTree = "<group>"; };
		02CCDB69295D29D600A3424F /* ScrumdingerUITestsLaunchTests.swift */ = {isa = PBXFileReference; lastKnownFileType = sourcecode.swift; path = ScrumdingerUITestsLaunchTests.swift; sourceTree = "<group>"; };
		02CCDB77295D31A300A3424F /* Theme.swift */ = {isa = PBXFileReference; lastKnownFileType = sourcecode.swift; path = Theme.swift; sourceTree = "<group>"; };
		02CCDB79295D34F000A3424F /* DailyScrum.swift */ = {isa = PBXFileReference; lastKnownFileType = sourcecode.swift; path = DailyScrum.swift; sourceTree = "<group>"; };
		02CCDB7B295D366E00A3424F /* CardView.swift */ = {isa = PBXFileReference; lastKnownFileType = sourcecode.swift; path = CardView.swift; sourceTree = "<group>"; };
		02CCDB7D295D43F000A3424F /* TrailingIconLabelStyle.swift */ = {isa = PBXFileReference; lastKnownFileType = sourcecode.swift; path = TrailingIconLabelStyle.swift; sourceTree = "<group>"; };
		02CCDB7F295D45BD00A3424F /* ScrumsView.swift */ = {isa = PBXFileReference; lastKnownFileType = sourcecode.swift; path = ScrumsView.swift; sourceTree = "<group>"; };
		02CCDB83295D4BD500A3424F /* Assets.xcassets */ = {isa = PBXFileReference; lastKnownFileType = folder.assetcatalog; name = Assets.xcassets; path = "../../UsingStacksToArrangeViews-2/Complete/Scrumdinger/Assets.xcassets"; sourceTree = "<group>"; };
		02CCDB85295D4D2500A3424F /* DetailView.swift */ = {isa = PBXFileReference; lastKnownFileType = sourcecode.swift; path = DetailView.swift; sourceTree = "<group>"; };
		02CCDB87295D561A00A3424F /* DetailEditView.swift */ = {isa = PBXFileReference; lastKnownFileType = sourcecode.swift; path = DetailEditView.swift; sourceTree = "<group>"; };
/* End PBXFileReference section */

/* Begin PBXFrameworksBuildPhase section */
		02CCDB45295D29D400A3424F /* Frameworks */ = {
			isa = PBXFrameworksBuildPhase;
			buildActionMask = 2147483647;
			files = (
			);
			runOnlyForDeploymentPostprocessing = 0;
		};
		02CCDB56295D29D600A3424F /* Frameworks */ = {
			isa = PBXFrameworksBuildPhase;
			buildActionMask = 2147483647;
			files = (
			);
			runOnlyForDeploymentPostprocessing = 0;
		};
		02CCDB60295D29D600A3424F /* Frameworks */ = {
			isa = PBXFrameworksBuildPhase;
			buildActionMask = 2147483647;
			files = (
			);
			runOnlyForDeploymentPostprocessing = 0;
		};
/* End PBXFrameworksBuildPhase section */

/* Begin PBXGroup section */
		02CCDB3F295D29D400A3424F = {
			isa = PBXGroup;
			children = (
				02CCDB4A295D29D400A3424F /* Scrumdinger */,
				02CCDB5C295D29D600A3424F /* ScrumdingerTests */,
				02CCDB66295D29D600A3424F /* ScrumdingerUITests */,
				02CCDB49295D29D400A3424F /* Products */,
			);
			sourceTree = "<group>";
		};
		02CCDB49295D29D400A3424F /* Products */ = {
			isa = PBXGroup;
			children = (
				02CCDB48295D29D400A3424F /* Scrumdinger.app */,
				02CCDB59295D29D600A3424F /* ScrumdingerTests.xctest */,
				02CCDB63295D29D600A3424F /* ScrumdingerUITests.xctest */,
			);
			name = Products;
			sourceTree = "<group>";
		};
		02CCDB4A295D29D400A3424F /* Scrumdinger */ = {
			isa = PBXGroup;
			children = (
				02CCDB4B295D29D400A3424F /* ScrumdingerApp.swift */,
				02CCDB4D295D29D400A3424F /* MeetingView.swift */,
				02CCDB7B295D366E00A3424F /* CardView.swift */,
				02CCDB7F295D45BD00A3424F /* ScrumsView.swift */,
				02CCDB85295D4D2500A3424F /* DetailView.swift */,
				02CCDB7D295D43F000A3424F /* TrailingIconLabelStyle.swift */,
				02CCDB87295D561A00A3424F /* DetailEditView.swift */,
				02CCDB4F295D29D600A3424F /* Assets.xcassets */,
				02CCDB83295D4BD500A3424F /* Assets.xcassets */,
				02CCDB76295D318A00A3424F /* Models */,
				02CCDB54295D29D600A3424F /* Scrumdinger.entitlements */,
				02CCDB51295D29D600A3424F /* Preview Content */,
			);
			path = Scrumdinger;
			sourceTree = "<group>";
		};
		02CCDB51295D29D600A3424F /* Preview Content */ = {
			isa = PBXGroup;
			children = (
				02CCDB52295D29D600A3424F /* Preview Assets.xcassets */,
			);
			path = "Preview Content";
			sourceTree = "<group>";
		};
		02CCDB5C295D29D600A3424F /* ScrumdingerTests */ = {
			isa = PBXGroup;
			children = (
				02CCDB5D295D29D600A3424F /* ScrumdingerTests.swift */,
			);
			path = ScrumdingerTests;
			sourceTree = "<group>";
		};
		02CCDB66295D29D600A3424F /* ScrumdingerUITests */ = {
			isa = PBXGroup;
			children = (
				02CCDB67295D29D600A3424F /* ScrumdingerUITests.swift */,
				02CCDB69295D29D600A3424F /* ScrumdingerUITestsLaunchTests.swift */,
			);
			path = ScrumdingerUITests;
			sourceTree = "<group>";
		};
		02CCDB76295D318A00A3424F /* Models */ = {
			isa = PBXGroup;
			children = (
				02CCDB79295D34F000A3424F /* DailyScrum.swift */,
				02CCDB77295D31A300A3424F /* Theme.swift */,
			);
			path = Models;
			sourceTree = "<group>";
		};
/* End PBXGroup section */

/* Begin PBXNativeTarget section */
		02CCDB47295D29D400A3424F /* Scrumdinger */ = {
			isa = PBXNativeTarget;
			buildConfigurationList = 02CCDB6D295D29D600A3424F /* Build configuration list for PBXNativeTarget "Scrumdinger" */;
			buildPhases = (
				02CCDB44295D29D400A3424F /* Sources */,
				02CCDB45295D29D400A3424F /* Frameworks */,
				02CCDB46295D29D400A3424F /* Resources */,
			);
			buildRules = (
			);
			dependencies = (
			);
			name = Scrumdinger;
			productName = Scrumdinger;
			productReference = 02CCDB48295D29D400A3424F /* Scrumdinger.app */;
			productType = "com.apple.product-type.application";
		};
		02CCDB58295D29D600A3424F /* ScrumdingerTests */ = {
			isa = PBXNativeTarget;
			buildConfigurationList = 02CCDB70295D29D600A3424F /* Build configuration list for PBXNativeTarget "ScrumdingerTests" */;
			buildPhases = (
				02CCDB55295D29D600A3424F /* Sources */,
				02CCDB56295D29D600A3424F /* Frameworks */,
				02CCDB57295D29D600A3424F /* Resources */,
			);
			buildRules = (
			);
			dependencies = (
				02CCDB5B295D29D600A3424F /* PBXTargetDependency */,
			);
			name = ScrumdingerTests;
			productName = ScrumdingerTests;
			productReference = 02CCDB59295D29D600A3424F /* ScrumdingerTests.xctest */;
			productType = "com.apple.product-type.bundle.unit-test";
		};
		02CCDB62295D29D600A3424F /* ScrumdingerUITests */ = {
			isa = PBXNativeTarget;
			buildConfigurationList = 02CCDB73295D29D600A3424F /* Build configuration list for PBXNativeTarget "ScrumdingerUITests" */;
			buildPhases = (
				02CCDB5F295D29D600A3424F /* Sources */,
				02CCDB60295D29D600A3424F /* Frameworks */,
				02CCDB61295D29D600A3424F /* Resources */,
			);
			buildRules = (
			);
			dependencies = (
				02CCDB65295D29D600A3424F /* PBXTargetDependency */,
			);
			name = ScrumdingerUITests;
			productName = ScrumdingerUITests;
			productReference = 02CCDB63295D29D600A3424F /* ScrumdingerUITests.xctest */;
			productType = "com.apple.product-type.bundle.ui-testing";
		};
/* End PBXNativeTarget section */

/* Begin PBXProject section */
		02CCDB40295D29D400A3424F /* Project object */ = {
			isa = PBXProject;
			attributes = {
				BuildIndependentTargetsInParallel = 1;
				LastSwiftUpdateCheck = 1420;
				LastUpgradeCheck = 1420;
				TargetAttributes = {
					02CCDB47295D29D400A3424F = {
						CreatedOnToolsVersion = 14.2;
					};
					02CCDB58295D29D600A3424F = {
						CreatedOnToolsVersion = 14.2;
						TestTargetID = 02CCDB47295D29D400A3424F;
					};
					02CCDB62295D29D600A3424F = {
						CreatedOnToolsVersion = 14.2;
						TestTargetID = 02CCDB47295D29D400A3424F;
					};
				};
			};
			buildConfigurationList = 02CCDB43295D29D400A3424F /* Build configuration list for PBXProject "Scrumdinger" */;
			compatibilityVersion = "Xcode 14.0";
			developmentRegion = en;
			hasScannedForEncodings = 0;
			knownRegions = (
				en,
				Base,
			);
			mainGroup = 02CCDB3F295D29D400A3424F;
			productRefGroup = 02CCDB49295D29D400A3424F /* Products */;
			projectDirPath = "";
			projectRoot = "";
			targets = (
				02CCDB47295D29D400A3424F /* Scrumdinger */,
				02CCDB58295D29D600A3424F /* ScrumdingerTests */,
				02CCDB62295D29D600A3424F /* ScrumdingerUITests */,
			);
		};
/* End PBXProject section */

/* Begin PBXResourcesBuildPhase section */
		02CCDB46295D29D400A3424F /* Resources */ = {
			isa = PBXResourcesBuildPhase;
			buildActionMask = 2147483647;
			files = (
				02CCDB53295D29D600A3424F /* Preview Assets.xcassets in Resources */,
				02CCDB84295D4BD500A3424F /* Assets.xcassets in Resources */,
				02CCDB50295D29D600A3424F /* Assets.xcassets in Resources */,
			);
			runOnlyForDeploymentPostprocessing = 0;
		};
		02CCDB57295D29D600A3424F /* Resources */ = {
			isa = PBXResourcesBuildPhase;
			buildActionMask = 2147483647;
			files = (
			);
			runOnlyForDeploymentPostprocessing = 0;
		};
		02CCDB61295D29D600A3424F /* Resources */ = {
			isa = PBXResourcesBuildPhase;
			buildActionMask = 2147483647;
			files = (
			);
			runOnlyForDeploymentPostprocessing = 0;
		};
/* End PBXResourcesBuildPhase section */

/* Begin PBXSourcesBuildPhase section */
		02CCDB44295D29D400A3424F /* Sources */ = {
			isa = PBXSourcesBuildPhase;
			buildActionMask = 2147483647;
			files = (
				02CCDB7A295D34F000A3424F /* DailyScrum.swift in Sources */,
				02CCDB86295D4D2500A3424F /* DetailView.swift in Sources */,
				02CCDB80295D45BD00A3424F /* ScrumsView.swift in Sources */,
				02CCDB7E295D43F000A3424F /* TrailingIconLabelStyle.swift in Sources */,
				02CCDB78295D31A300A3424F /* Theme.swift in Sources */,
				02CCDB88295D561A00A3424F /* DetailEditView.swift in Sources */,
				02CCDB4E295D29D400A3424F /* MeetingView.swift in Sources */,
				02CCDB4C295D29D400A3424F /* ScrumdingerApp.swift in Sources */,
				02CCDB7C295D366E00A3424F /* CardView.swift in Sources */,
			);
			runOnlyForDeploymentPostprocessing = 0;
		};
		02CCDB55295D29D600A3424F /* Sources */ = {
			isa = PBXSourcesBuildPhase;
			buildActionMask = 2147483647;
			files = (
				02CCDB5E295D29D600A3424F /* ScrumdingerTests.swift in Sources */,
			);
			runOnlyForDeploymentPostprocessing = 0;
		};
		02CCDB5F295D29D600A3424F /* Sources */ = {
			isa = PBXSourcesBuildPhase;
			buildActionMask = 2147483647;
			files = (
				02CCDB6A295D29D600A3424F /* ScrumdingerUITestsLaunchTests.swift in Sources */,
				02CCDB68295D29D600A3424F /* ScrumdingerUITests.swift in Sources */,
			);
			runOnlyForDeploymentPostprocessing = 0;
		};
/* End PBXSourcesBuildPhase section */

/* Begin PBXTargetDependency section */
		02CCDB5B295D29D600A3424F /* PBXTargetDependency */ = {
			isa = PBXTargetDependency;
			target = 02CCDB47295D29D400A3424F /* Scrumdinger */;
			targetProxy = 02CCDB5A295D29D600A3424F /* PBXContainerItemProxy */;
		};
		02CCDB65295D29D600A3424F /* PBXTargetDependency */ = {
			isa = PBXTargetDependency;
			target = 02CCDB47295D29D400A3424F /* Scrumdinger */;
			targetProxy = 02CCDB64295D29D600A3424F /* PBXContainerItemProxy */;
		};
/* End PBXTargetDependency section */

/* Begin XCBuildConfiguration section */
		02CCDB6B295D29D600A3424F /* Debug */ = {
			isa = XCBuildConfiguration;
			buildSettings = {
				ALWAYS_SEARCH_USER_PATHS = NO;
				CLANG_ANALYZER_NONNULL = YES;
				CLANG_ANALYZER_NUMBER_OBJECT_CONVERSION = YES_AGGRESSIVE;
				CLANG_CXX_LANGUAGE_STANDARD = "gnu++20";
				CLANG_ENABLE_MODULES = YES;
				CLANG_ENABLE_OBJC_ARC = YES;
				CLANG_ENABLE_OBJC_WEAK = YES;
				CLANG_WARN_BLOCK_CAPTURE_AUTORELEASING = YES;
				CLANG_WARN_BOOL_CONVERSION = YES;
				CLANG_WARN_COMMA = YES;
				CLANG_WARN_CONSTANT_CONVERSION = YES;
				CLANG_WARN_DEPRECATED_OBJC_IMPLEMENTATIONS = YES;
				CLANG_WARN_DIRECT_OBJC_ISA_USAGE = YES_ERROR;
				CLANG_WARN_DOCUMENTATION_COMMENTS = YES;
				CLANG_WARN_EMPTY_BODY = YES;
				CLANG_WARN_ENUM_CONVERSION = YES;
				CLANG_WARN_INFINITE_RECURSION = YES;
				CLANG_WARN_INT_CONVERSION = YES;
				CLANG_WARN_NON_LITERAL_NULL_CONVERSION = YES;
				CLANG_WARN_OBJC_IMPLICIT_RETAIN_SELF = YES;
				CLANG_WARN_OBJC_LITERAL_CONVERSION = YES;
				CLANG_WARN_OBJC_ROOT_CLASS = YES_ERROR;
				CLANG_WARN_QUOTED_INCLUDE_IN_FRAMEWORK_HEADER = YES;
				CLANG_WARN_RANGE_LOOP_ANALYSIS = YES;
				CLANG_WARN_STRICT_PROTOTYPES = YES;
				CLANG_WARN_SUSPICIOUS_MOVE = YES;
				CLANG_WARN_UNGUARDED_AVAILABILITY = YES_AGGRESSIVE;
				CLANG_WARN_UNREACHABLE_CODE = YES;
				CLANG_WARN__DUPLICATE_METHOD_MATCH = YES;
				COPY_PHASE_STRIP = NO;
				DEBUG_INFORMATION_FORMAT = dwarf;
				ENABLE_STRICT_OBJC_MSGSEND = YES;
				ENABLE_TESTABILITY = YES;
				GCC_C_LANGUAGE_STANDARD = gnu11;
				GCC_DYNAMIC_NO_PIC = NO;
				GCC_NO_COMMON_BLOCKS = YES;
				GCC_OPTIMIZATION_LEVEL = 0;
				GCC_PREPROCESSOR_DEFINITIONS = (
					"DEBUG=1",
					"$(inherited)",
				);
				GCC_WARN_64_TO_32_BIT_CONVERSION = YES;
				GCC_WARN_ABOUT_RETURN_TYPE = YES_ERROR;
				GCC_WARN_UNDECLARED_SELECTOR = YES;
				GCC_WARN_UNINITIALIZED_AUTOS = YES_AGGRESSIVE;
				GCC_WARN_UNUSED_FUNCTION = YES;
				GCC_WARN_UNUSED_VARIABLE = YES;
				MACOSX_DEPLOYMENT_TARGET = 12.6;
				MTL_ENABLE_DEBUG_INFO = INCLUDE_SOURCE;
				MTL_FAST_MATH = YES;
				ONLY_ACTIVE_ARCH = YES;
				SDKROOT = macosx;
				SWIFT_ACTIVE_COMPILATION_CONDITIONS = DEBUG;
				SWIFT_OPTIMIZATION_LEVEL = "-Onone";
			};
			name = Debug;
		};
		02CCDB6C295D29D600A3424F /* Release */ = {
			isa = XCBuildConfiguration;
			buildSettings = {
				ALWAYS_SEARCH_USER_PATHS = NO;
				CLANG_ANALYZER_NONNULL = YES;
				CLANG_ANALYZER_NUMBER_OBJECT_CONVERSION = YES_AGGRESSIVE;
				CLANG_CXX_LANGUAGE_STANDARD = "gnu++20";
				CLANG_ENABLE_MODULES = YES;
				CLANG_ENABLE_OBJC_ARC = YES;
				CLANG_ENABLE_OBJC_WEAK = YES;
				CLANG_WARN_BLOCK_CAPTURE_AUTORELEASING = YES;
				CLANG_WARN_BOOL_CONVERSION = YES;
				CLANG_WARN_COMMA = YES;
				CLANG_WARN_CONSTANT_CONVERSION = YES;
				CLANG_WARN_DEPRECATED_OBJC_IMPLEMENTATIONS = YES;
				CLANG_WARN_DIRECT_OBJC_ISA_USAGE = YES_ERROR;
				CLANG_WARN_DOCUMENTATION_COMMENTS = YES;
				CLANG_WARN_EMPTY_BODY = YES;
				CLANG_WARN_ENUM_CONVERSION = YES;
				CLANG_WARN_INFINITE_RECURSION = YES;
				CLANG_WARN_INT_CONVERSION = YES;
				CLANG_WARN_NON_LITERAL_NULL_CONVERSION = YES;
				CLANG_WARN_OBJC_IMPLICIT_RETAIN_SELF = YES;
				CLANG_WARN_OBJC_LITERAL_CONVERSION = YES;
				CLANG_WARN_OBJC_ROOT_CLASS = YES_ERROR;
				CLANG_WARN_QUOTED_INCLUDE_IN_FRAMEWORK_HEADER = YES;
				CLANG_WARN_RANGE_LOOP_ANALYSIS = YES;
				CLANG_WARN_STRICT_PROTOTYPES = YES;
				CLANG_WARN_SUSPICIOUS_MOVE = YES;
				CLANG_WARN_UNGUARDED_AVAILABILITY = YES_AGGRESSIVE;
				CLANG_WARN_UNREACHABLE_CODE = YES;
				CLANG_WARN__DUPLICATE_METHOD_MATCH = YES;
				COPY_PHASE_STRIP = NO;
				DEBUG_INFORMATION_FORMAT = "dwarf-with-dsym";
				ENABLE_NS_ASSERTIONS = NO;
				ENABLE_STRICT_OBJC_MSGSEND = YES;
				GCC_C_LANGUAGE_STANDARD = gnu11;
				GCC_NO_COMMON_BLOCKS = YES;
				GCC_WARN_64_TO_32_BIT_CONVERSION = YES;
				GCC_WARN_ABOUT_RETURN_TYPE = YES_ERROR;
				GCC_WARN_UNDECLARED_SELECTOR = YES;
				GCC_WARN_UNINITIALIZED_AUTOS = YES_AGGRESSIVE;
				GCC_WARN_UNUSED_FUNCTION = YES;
				GCC_WARN_UNUSED_VARIABLE = YES;
				MACOSX_DEPLOYMENT_TARGET = 12.6;
				MTL_ENABLE_DEBUG_INFO = NO;
				MTL_FAST_MATH = YES;
				SDKROOT = macosx;
				SWIFT_COMPILATION_MODE = wholemodule;
				SWIFT_OPTIMIZATION_LEVEL = "-O";
			};
			name = Release;
		};
		02CCDB6E295D29D600A3424F /* Debug */ = {
			isa = XCBuildConfiguration;
			buildSettings = {
				ASSETCATALOG_COMPILER_APPICON_NAME = AppIcon;
				ASSETCATALOG_COMPILER_GLOBAL_ACCENT_COLOR_NAME = AccentColor;
				CODE_SIGN_ENTITLEMENTS = Scrumdinger/Scrumdinger.entitlements;
				CODE_SIGN_STYLE = Automatic;
				COMBINE_HIDPI_IMAGES = YES;
				CURRENT_PROJECT_VERSION = 1;
				DEVELOPMENT_ASSET_PATHS = "\"Scrumdinger/Preview Content\"";
				ENABLE_PREVIEWS = YES;
				GENERATE_INFOPLIST_FILE = YES;
				INFOPLIST_KEY_NSHumanReadableCopyright = "";
				INFOPLIST_KEY_UISupportedInterfaceOrientations = UIInterfaceOrientationPortrait;
				LD_RUNPATH_SEARCH_PATHS = (
					"$(inherited)",
					"@executable_path/../Frameworks",
				);
				MARKETING_VERSION = 1.0;
				PRODUCT_BUNDLE_IDENTIFIER = sample.Scrumdinger;
				PRODUCT_NAME = "$(TARGET_NAME)";
				SUPPORTED_PLATFORMS = "iphoneos iphonesimulator";
				SUPPORTS_MACCATALYST = NO;
				SUPPORTS_MAC_DESIGNED_FOR_IPHONE_IPAD = NO;
				SWIFT_EMIT_LOC_STRINGS = YES;
				SWIFT_VERSION = 5.0;
				TARGETED_DEVICE_FAMILY = 1;
			};
			name = Debug;
		};
		02CCDB6F295D29D600A3424F /* Release */ = {
			isa = XCBuildConfiguration;
			buildSettings = {
				ASSETCATALOG_COMPILER_APPICON_NAME = AppIcon;
				ASSETCATALOG_COMPILER_GLOBAL_ACCENT_COLOR_NAME = AccentColor;
				CODE_SIGN_ENTITLEMENTS = Scrumdinger/Scrumdinger.entitlements;
				CODE_SIGN_STYLE = Automatic;
				COMBINE_HIDPI_IMAGES = YES;
				CURRENT_PROJECT_VERSION = 1;
				DEVELOPMENT_ASSET_PATHS = "\"Scrumdinger/Preview Content\"";
				ENABLE_PREVIEWS = YES;
				GENERATE_INFOPLIST_FILE = YES;
				INFOPLIST_KEY_NSHumanReadableCopyright = "";
				INFOPLIST_KEY_UISupportedInterfaceOrientations = UIInterfaceOrientationPortrait;
				LD_RUNPATH_SEARCH_PATHS = (
					"$(inherited)",
					"@executable_path/../Frameworks",
				);
				MARKETING_VERSION = 1.0;
				PRODUCT_BUNDLE_IDENTIFIER = sample.Scrumdinger;
				PRODUCT_NAME = "$(TARGET_NAME)";
				SUPPORTED_PLATFORMS = "iphoneos iphonesimulator";
				SUPPORTS_MACCATALYST = NO;
				SUPPORTS_MAC_DESIGNED_FOR_IPHONE_IPAD = NO;
				SWIFT_EMIT_LOC_STRINGS = YES;
				SWIFT_VERSION = 5.0;
				TARGETED_DEVICE_FAMILY = 1;
			};
			name = Release;
		};
		02CCDB71295D29D600A3424F /* Debug */ = {
			isa = XCBuildConfiguration;
			buildSettings = {
				ALWAYS_EMBED_SWIFT_STANDARD_LIBRARIES = YES;
				BUNDLE_LOADER = "$(TEST_HOST)";
				CODE_SIGN_STYLE = Automatic;
				CURRENT_PROJECT_VERSION = 1;
				GENERATE_INFOPLIST_FILE = YES;
				MACOSX_DEPLOYMENT_TARGET = 12.6;
				MARKETING_VERSION = 1.0;
				PRODUCT_BUNDLE_IDENTIFIER = sample.ScrumdingerTests;
				PRODUCT_NAME = "$(TARGET_NAME)";
				SWIFT_EMIT_LOC_STRINGS = NO;
				SWIFT_VERSION = 5.0;
				TEST_HOST = "$(BUILT_PRODUCTS_DIR)/Scrumdinger.app/$(BUNDLE_EXECUTABLE_FOLDER_PATH)/Scrumdinger";
			};
			name = Debug;
		};
		02CCDB72295D29D600A3424F /* Release */ = {
			isa = XCBuildConfiguration;
			buildSettings = {
				ALWAYS_EMBED_SWIFT_STANDARD_LIBRARIES = YES;
				BUNDLE_LOADER = "$(TEST_HOST)";
				CODE_SIGN_STYLE = Automatic;
				CURRENT_PROJECT_VERSION = 1;
				GENERATE_INFOPLIST_FILE = YES;
				MACOSX_DEPLOYMENT_TARGET = 12.6;
				MARKETING_VERSION = 1.0;
				PRODUCT_BUNDLE_IDENTIFIER = sample.ScrumdingerTests;
				PRODUCT_NAME = "$(TARGET_NAME)";
				SWIFT_EMIT_LOC_STRINGS = NO;
				SWIFT_VERSION = 5.0;
				TEST_HOST = "$(BUILT_PRODUCTS_DIR)/Scrumdinger.app/$(BUNDLE_EXECUTABLE_FOLDER_PATH)/Scrumdinger";
			};
			name = Release;
		};
		02CCDB74295D29D600A3424F /* Debug */ = {
			isa = XCBuildConfiguration;
			buildSettings = {
				ALWAYS_EMBED_SWIFT_STANDARD_LIBRARIES = YES;
				CODE_SIGN_STYLE = Automatic;
				CURRENT_PROJECT_VERSION = 1;
				GENERATE_INFOPLIST_FILE = YES;
				MARKETING_VERSION = 1.0;
				PRODUCT_BUNDLE_IDENTIFIER = sample.ScrumdingerUITests;
				PRODUCT_NAME = "$(TARGET_NAME)";
				SWIFT_EMIT_LOC_STRINGS = NO;
				SWIFT_VERSION = 5.0;
				TEST_TARGET_NAME = Scrumdinger;
			};
			name = Debug;
		};
		02CCDB75295D29D600A3424F /* Release */ = {
			isa = XCBuildConfiguration;
			buildSettings = {
				ALWAYS_EMBED_SWIFT_STANDARD_LIBRARIES = YES;
				CODE_SIGN_STYLE = Automatic;
				CURRENT_PROJECT_VERSION = 1;
				GENERATE_INFOPLIST_FILE = YES;
				MARKETING_VERSION = 1.0;
				PRODUCT_BUNDLE_IDENTIFIER = sample.ScrumdingerUITests;
				PRODUCT_NAME = "$(TARGET_NAME)";
				SWIFT_EMIT_LOC_STRINGS = NO;
				SWIFT_VERSION = 5.0;
				TEST_TARGET_NAME = Scrumdinger;
			};
			name = Release;
		};
/* End XCBuildConfiguration section */

/* Begin XCConfigurationList section */
		02CCDB43295D29D400A3424F /* Build configuration list for PBXProject "Scrumdinger" */ = {
			isa = XCConfigurationList;
			buildConfigurations = (
				02CCDB6B295D29D600A3424F /* Debug */,
				02CCDB6C295D29D600A3424F /* Release */,
			);
			defaultConfigurationIsVisible = 0;
			defaultConfigurationName = Release;
		};
		02CCDB6D295D29D600A3424F /* Build configuration list for PBXNativeTarget "Scrumdinger" */ = {
			isa = XCConfigurationList;
			buildConfigurations = (
				02CCDB6E295D29D600A3424F /* Debug */,
				02CCDB6F295D29D600A3424F /* Release */,
			);
			defaultConfigurationIsVisible = 0;
			defaultConfigurationName = Release;
		};
		02CCDB70295D29D600A3424F /* Build configuration list for PBXNativeTarget "ScrumdingerTests" */ = {
			isa = XCConfigurationList;
			buildConfigurations = (
				02CCDB71295D29D600A3424F /* Debug */,
				02CCDB72295D29D600A3424F /* Release */,
			);
			defaultConfigurationIsVisible = 0;
			defaultConfigurationName = Release;
		};
		02CCDB73295D29D600A3424F /* Build configuration list for PBXNativeTarget "ScrumdingerUITests" */ = {
			isa = XCConfigurationList;
			buildConfigurations = (
				02CCDB74295D29D600A3424F /* Debug */,
				02CCDB75295D29D600A3424F /* Release */,
			);
			defaultConfigurationIsVisible = 0;
			defaultConfigurationName = Release;
		};
/* End XCConfigurationList section */
	};
	rootObject = 02CCDB40295D29D400A3424F /* Project object */;
}
